// !$*UTF8*$!
{
	archiveVersion = 1;
	classes = {
	};
	objectVersion = 50;
	objects = {

/* Begin PBXBuildFile section */
		6A9D7A8F23C2D94800C682D9 /* AppDelegate.swift in Sources */ = {isa = PBXBuildFile; fileRef = 6A9D7A8E23C2D94800C682D9 /* AppDelegate.swift */; };
		6A9D7A9123C2D94800C682D9 /* SceneDelegate.swift in Sources */ = {isa = PBXBuildFile; fileRef = 6A9D7A9023C2D94800C682D9 /* SceneDelegate.swift */; };
		6A9D7A9323C2D94800C682D9 /* ContentView.swift in Sources */ = {isa = PBXBuildFile; fileRef = 6A9D7A9223C2D94800C682D9 /* ContentView.swift */; };
		6A9D7A9523C2D94900C682D9 /* Assets.xcassets in Resources */ = {isa = PBXBuildFile; fileRef = 6A9D7A9423C2D94900C682D9 /* Assets.xcassets */; };
		6A9D7A9823C2D94900C682D9 /* Preview Assets.xcassets in Resources */ = {isa = PBXBuildFile; fileRef = 6A9D7A9723C2D94900C682D9 /* Preview Assets.xcassets */; };
		6A9D7A9B23C2D94900C682D9 /* LaunchScreen.storyboard in Resources */ = {isa = PBXBuildFile; fileRef = 6A9D7A9923C2D94900C682D9 /* LaunchScreen.storyboard */; };
		6AFBB2E323C38B9500C9B9F3 /* Color+.swift in Sources */ = {isa = PBXBuildFile; fileRef = 6AFBB2E223C38B9500C9B9F3 /* Color+.swift */; };
		6AFBB2E623C395F700C9B9F3 /* car-beep.mp3 in Resources */ = {isa = PBXBuildFile; fileRef = 6AFBB2E523C395F700C9B9F3 /* car-beep.mp3 */; };
/* End PBXBuildFile section */

/* Begin PBXFileReference section */
		6A9D7A8B23C2D94800C682D9 /* One Button Kit.app */ = {isa = PBXFileReference; explicitFileType = wrapper.application; includeInIndex = 0; path = "One Button Kit.app"; sourceTree = BUILT_PRODUCTS_DIR; };
		6A9D7A8E23C2D94800C682D9 /* AppDelegate.swift */ = {isa = PBXFileReference; lastKnownFileType = sourcecode.swift; path = AppDelegate.swift; sourceTree = "<group>"; };
		6A9D7A9023C2D94800C682D9 /* SceneDelegate.swift */ = {isa = PBXFileReference; lastKnownFileType = sourcecode.swift; path = SceneDelegate.swift; sourceTree = "<group>"; };
		6A9D7A9223C2D94800C682D9 /* ContentView.swift */ = {isa = PBXFileReference; lastKnownFileType = sourcecode.swift; path = ContentView.swift; sourceTree = "<group>"; };
		6A9D7A9423C2D94900C682D9 /* Assets.xcassets */ = {isa = PBXFileReference; lastKnownFileType = folder.assetcatalog; path = Assets.xcassets; sourceTree = "<group>"; };
		6A9D7A9723C2D94900C682D9 /* Preview Assets.xcassets */ = {isa = PBXFileReference; lastKnownFileType = folder.assetcatalog; path = "Preview Assets.xcassets"; sourceTree = "<group>"; };
		6A9D7A9A23C2D94900C682D9 /* Base */ = {isa = PBXFileReference; lastKnownFileType = file.storyboard; name = Base; path = Base.lproj/LaunchScreen.storyboard; sourceTree = "<group>"; };
		6A9D7A9C23C2D94900C682D9 /* Info.plist */ = {isa = PBXFileReference; lastKnownFileType = text.plist.xml; path = Info.plist; sourceTree = "<group>"; };
		6AFBB2E223C38B9500C9B9F3 /* Color+.swift */ = {isa = PBXFileReference; lastKnownFileType = sourcecode.swift; path = "Color+.swift"; sourceTree = "<group>"; };
		6AFBB2E523C395F700C9B9F3 /* car-beep.mp3 */ = {isa = PBXFileReference; lastKnownFileType = audio.mp3; path = "car-beep.mp3"; sourceTree = "<group>"; };
/* End PBXFileReference section */

/* Begin PBXFrameworksBuildPhase section */
		6A9D7A8823C2D94800C682D9 /* Frameworks */ = {
			isa = PBXFrameworksBuildPhase;
			buildActionMask = 2147483647;
			files = (
			);
			runOnlyForDeploymentPostprocessing = 0;
		};
/* End PBXFrameworksBuildPhase section */

/* Begin PBXGroup section */
		6A9D7A8223C2D94800C682D9 = {
			isa = PBXGroup;
			children = (
				6A9D7A8D23C2D94800C682D9 /* MobileLabOneButtonKit */,
				6A9D7A8C23C2D94800C682D9 /* Products */,
			);
			sourceTree = "<group>";
		};
		6A9D7A8C23C2D94800C682D9 /* Products */ = {
			isa = PBXGroup;
			children = (
				6A9D7A8B23C2D94800C682D9 /* One Button Kit.app */,
			);
			name = Products;
			sourceTree = "<group>";
		};
		6A9D7A8D23C2D94800C682D9 /* MobileLabOneButtonKit */ = {
			isa = PBXGroup;
			children = (
				6A9D7A8E23C2D94800C682D9 /* AppDelegate.swift */,
				6A9D7A9023C2D94800C682D9 /* SceneDelegate.swift */,
				6A9D7A9223C2D94800C682D9 /* ContentView.swift */,
				6AFBB2E223C38B9500C9B9F3 /* Color+.swift */,
				6A9D7A9423C2D94900C682D9 /* Assets.xcassets */,
				6A9D7A9923C2D94900C682D9 /* LaunchScreen.storyboard */,
				6A9D7A9C23C2D94900C682D9 /* Info.plist */,
				6AFBB2E423C395F700C9B9F3 /* Sounds */,
				6A9D7A9623C2D94900C682D9 /* Preview Content */,
			);
			path = MobileLabOneButtonKit;
			sourceTree = "<group>";
		};
		6A9D7A9623C2D94900C682D9 /* Preview Content */ = {
			isa = PBXGroup;
			children = (
				6A9D7A9723C2D94900C682D9 /* Preview Assets.xcassets */,
			);
			path = "Preview Content";
			sourceTree = "<group>";
		};
		6AFBB2E423C395F700C9B9F3 /* Sounds */ = {
			isa = PBXGroup;
			children = (
				6AFBB2E523C395F700C9B9F3 /* car-beep.mp3 */,
			);
			path = Sounds;
			sourceTree = "<group>";
		};
/* End PBXGroup section */

/* Begin PBXNativeTarget section */
		6A9D7A8A23C2D94800C682D9 /* MobileLabOneButtonKit */ = {
			isa = PBXNativeTarget;
			buildConfigurationList = 6A9D7A9F23C2D94900C682D9 /* Build configuration list for PBXNativeTarget "MobileLabOneButtonKit" */;
			buildPhases = (
				6A9D7A8723C2D94800C682D9 /* Sources */,
				6A9D7A8823C2D94800C682D9 /* Frameworks */,
				6A9D7A8923C2D94800C682D9 /* Resources */,
			);
			buildRules = (
			);
			dependencies = (
			);
			name = MobileLabOneButtonKit;
			productName = MobileLabOneButtonKit;
			productReference = 6A9D7A8B23C2D94800C682D9 /* One Button Kit.app */;
			productType = "com.apple.product-type.application";
		};
/* End PBXNativeTarget section */

/* Begin PBXProject section */
		6A9D7A8323C2D94800C682D9 /* Project object */ = {
			isa = PBXProject;
			attributes = {
				LastSwiftUpdateCheck = 1130;
				LastUpgradeCheck = 1130;
				ORGANIZATIONNAME = "Mobile Lab";
				TargetAttributes = {
					6A9D7A8A23C2D94800C682D9 = {
						CreatedOnToolsVersion = 11.3;
					};
				};
			};
			buildConfigurationList = 6A9D7A8623C2D94800C682D9 /* Build configuration list for PBXProject "MobileLabOneButtonKit" */;
			compatibilityVersion = "Xcode 9.3";
			developmentRegion = en;
			hasScannedForEncodings = 0;
			knownRegions = (
				en,
				Base,
			);
			mainGroup = 6A9D7A8223C2D94800C682D9;
			productRefGroup = 6A9D7A8C23C2D94800C682D9 /* Products */;
			projectDirPath = "";
			projectRoot = "";
			targets = (
				6A9D7A8A23C2D94800C682D9 /* MobileLabOneButtonKit */,
			);
		};
/* End PBXProject section */

/* Begin PBXResourcesBuildPhase section */
		6A9D7A8923C2D94800C682D9 /* Resources */ = {
			isa = PBXResourcesBuildPhase;
			buildActionMask = 2147483647;
			files = (
				6A9D7A9B23C2D94900C682D9 /* LaunchScreen.storyboard in Resources */,
				6AFBB2E623C395F700C9B9F3 /* car-beep.mp3 in Resources */,
				6A9D7A9823C2D94900C682D9 /* Preview Assets.xcassets in Resources */,
				6A9D7A9523C2D94900C682D9 /* Assets.xcassets in Resources */,
			);
			runOnlyForDeploymentPostprocessing = 0;
		};
/* End PBXResourcesBuildPhase section */

/* Begin PBXSourcesBuildPhase section */
		6A9D7A8723C2D94800C682D9 /* Sources */ = {
			isa = PBXSourcesBuildPhase;
			buildActionMask = 2147483647;
			files = (
				6A9D7A8F23C2D94800C682D9 /* AppDelegate.swift in Sources */,
				6AFBB2E323C38B9500C9B9F3 /* Color+.swift in Sources */,
				6A9D7A9123C2D94800C682D9 /* SceneDelegate.swift in Sources */,
				6A9D7A9323C2D94800C682D9 /* ContentView.swift in Sources */,
			);
			runOnlyForDeploymentPostprocessing = 0;
		};
/* End PBXSourcesBuildPhase section */

/* Begin PBXVariantGroup section */
		6A9D7A9923C2D94900C682D9 /* LaunchScreen.storyboard */ = {
			isa = PBXVariantGroup;
			children = (
				6A9D7A9A23C2D94900C682D9 /* Base */,
			);
			name = LaunchScreen.storyboard;
			sourceTree = "<group>";
		};
/* End PBXVariantGroup section */

/* Begin XCBuildConfiguration section */
		6A9D7A9D23C2D94900C682D9 /* Debug */ = {
			isa = XCBuildConfiguration;
			buildSettings = {
				ALWAYS_SEARCH_USER_PATHS = NO;
				CLANG_ANALYZER_NONNULL = YES;
				CLANG_ANALYZER_NUMBER_OBJECT_CONVERSION = YES_AGGRESSIVE;
				CLANG_CXX_LANGUAGE_STANDARD = "gnu++14";
				CLANG_CXX_LIBRARY = "libc++";
				CLANG_ENABLE_MODULES = YES;
				CLANG_ENABLE_OBJC_ARC = YES;
				CLANG_ENABLE_OBJC_WEAK = YES;
				CLANG_WARN_BLOCK_CAPTURE_AUTORELEASING = YES;
				CLANG_WARN_BOOL_CONVERSION = YES;
				CLANG_WARN_COMMA = YES;
				CLANG_WARN_CONSTANT_CONVERSION = YES;
				CLANG_WARN_DEPRECATED_OBJC_IMPLEMENTATIONS = YES;
				CLANG_WARN_DIRECT_OBJC_ISA_USAGE = YES_ERROR;
				CLANG_WARN_DOCUMENTATION_COMMENTS = YES;
				CLANG_WARN_EMPTY_BODY = YES;
				CLANG_WARN_ENUM_CONVERSION = YES;
				CLANG_WARN_INFINITE_RECURSION = YES;
				CLANG_WARN_INT_CONVERSION = YES;
				CLANG_WARN_NON_LITERAL_NULL_CONVERSION = YES;
				CLANG_WARN_OBJC_IMPLICIT_RETAIN_SELF = YES;
				CLANG_WARN_OBJC_LITERAL_CONVERSION = YES;
				CLANG_WARN_OBJC_ROOT_CLASS = YES_ERROR;
				CLANG_WARN_RANGE_LOOP_ANALYSIS = YES;
				CLANG_WARN_STRICT_PROTOTYPES = YES;
				CLANG_WARN_SUSPICIOUS_MOVE = YES;
				CLANG_WARN_UNGUARDED_AVAILABILITY = YES_AGGRESSIVE;
				CLANG_WARN_UNREACHABLE_CODE = YES;
				CLANG_WARN__DUPLICATE_METHOD_MATCH = YES;
				COPY_PHASE_STRIP = NO;
				DEBUG_INFORMATION_FORMAT = dwarf;
				ENABLE_STRICT_OBJC_MSGSEND = YES;
				ENABLE_TESTABILITY = YES;
				GCC_C_LANGUAGE_STANDARD = gnu11;
				GCC_DYNAMIC_NO_PIC = NO;
				GCC_NO_COMMON_BLOCKS = YES;
				GCC_OPTIMIZATION_LEVEL = 0;
				GCC_PREPROCESSOR_DEFINITIONS = (
					"DEBUG=1",
					"$(inherited)",
				);
				GCC_WARN_64_TO_32_BIT_CONVERSION = YES;
				GCC_WARN_ABOUT_RETURN_TYPE = YES_ERROR;
				GCC_WARN_UNDECLARED_SELECTOR = YES;
				GCC_WARN_UNINITIALIZED_AUTOS = YES_AGGRESSIVE;
				GCC_WARN_UNUSED_FUNCTION = YES;
				GCC_WARN_UNUSED_VARIABLE = YES;
				IPHONEOS_DEPLOYMENT_TARGET = 13.2;
				MTL_ENABLE_DEBUG_INFO = INCLUDE_SOURCE;
				MTL_FAST_MATH = YES;
				ONLY_ACTIVE_ARCH = YES;
				SDKROOT = iphoneos;
				SWIFT_ACTIVE_COMPILATION_CONDITIONS = DEBUG;
				SWIFT_OPTIMIZATION_LEVEL = "-Onone";
			};
			name = Debug;
		};
		6A9D7A9E23C2D94900C682D9 /* Release */ = {
			isa = XCBuildConfiguration;
			buildSettings = {
				ALWAYS_SEARCH_USER_PATHS = NO;
				CLANG_ANALYZER_NONNULL = YES;
				CLANG_ANALYZER_NUMBER_OBJECT_CONVERSION = YES_AGGRESSIVE;
				CLANG_CXX_LANGUAGE_STANDARD = "gnu++14";
				CLANG_CXX_LIBRARY = "libc++";
				CLANG_ENABLE_MODULES = YES;
				CLANG_ENABLE_OBJC_ARC = YES;
				CLANG_ENABLE_OBJC_WEAK = YES;
				CLANG_WARN_BLOCK_CAPTURE_AUTORELEASING = YES;
				CLANG_WARN_BOOL_CONVERSION = YES;
				CLANG_WARN_COMMA = YES;
				CLANG_WARN_CONSTANT_CONVERSION = YES;
				CLANG_WARN_DEPRECATED_OBJC_IMPLEMENTATIONS = YES;
				CLANG_WARN_DIRECT_OBJC_ISA_USAGE = YES_ERROR;
				CLANG_WARN_DOCUMENTATION_COMMENTS = YES;
				CLANG_WARN_EMPTY_BODY = YES;
				CLANG_WARN_ENUM_CONVERSION = YES;
				CLANG_WARN_INFINITE_RECURSION = YES;
				CLANG_WARN_INT_CONVERSION = YES;
				CLANG_WARN_NON_LITERAL_NULL_CONVERSION = YES;
				CLANG_WARN_OBJC_IMPLICIT_RETAIN_SELF = YES;
				CLANG_WARN_OBJC_LITERAL_CONVERSION = YES;
				CLANG_WARN_OBJC_ROOT_CLASS = YES_ERROR;
				CLANG_WARN_RANGE_LOOP_ANALYSIS = YES;
				CLANG_WARN_STRICT_PROTOTYPES = YES;
				CLANG_WARN_SUSPICIOUS_MOVE = YES;
				CLANG_WARN_UNGUARDED_AVAILABILITY = YES_AGGRESSIVE;
				CLANG_WARN_UNREACHABLE_CODE = YES;
				CLANG_WARN__DUPLICATE_METHOD_MATCH = YES;
				COPY_PHASE_STRIP = NO;
				DEBUG_INFORMATION_FORMAT = "dwarf-with-dsym";
				ENABLE_NS_ASSERTIONS = NO;
				ENABLE_STRICT_OBJC_MSGSEND = YES;
				GCC_C_LANGUAGE_STANDARD = gnu11;
				GCC_NO_COMMON_BLOCKS = YES;
				GCC_WARN_64_TO_32_BIT_CONVERSION = YES;
				GCC_WARN_ABOUT_RETURN_TYPE = YES_ERROR;
				GCC_WARN_UNDECLARED_SELECTOR = YES;
				GCC_WARN_UNINITIALIZED_AUTOS = YES_AGGRESSIVE;
				GCC_WARN_UNUSED_FUNCTION = YES;
				GCC_WARN_UNUSED_VARIABLE = YES;
				IPHONEOS_DEPLOYMENT_TARGET = 13.2;
				MTL_ENABLE_DEBUG_INFO = NO;
				MTL_FAST_MATH = YES;
				SDKROOT = iphoneos;
				SWIFT_COMPILATION_MODE = wholemodule;
				SWIFT_OPTIMIZATION_LEVEL = "-O";
				VALIDATE_PRODUCT = YES;
			};
			name = Release;
		};
		6A9D7AA023C2D94900C682D9 /* Debug */ = {
			isa = XCBuildConfiguration;
			buildSettings = {
				ASSETCATALOG_COMPILER_APPICON_NAME = AppIcon;
				CODE_SIGN_STYLE = Automatic;
				DEVELOPMENT_ASSET_PATHS = "\"MobileLabOneButtonKit/Preview Content\"";
				DEVELOPMENT_TEAM = HY8AUX8L27;
				ENABLE_PREVIEWS = YES;
				INFOPLIST_FILE = MobileLabOneButtonKit/Info.plist;
				LD_RUNPATH_SEARCH_PATHS = (
					"$(inherited)",
					"@executable_path/Frameworks",
				);
				PRODUCT_BUNDLE_IDENTIFIER = com.mobilelabclass.Food;
				PRODUCT_NAME = "One Button Kit";
				SWIFT_VERSION = 5.0;
				TARGETED_DEVICE_FAMILY = "1,2";
			};
			name = Debug;
		};
		6A9D7AA123C2D94900C682D9 /* Release */ = {
			isa = XCBuildConfiguration;
			buildSettings = {
				ASSETCATALOG_COMPILER_APPICON_NAME = AppIcon;
				CODE_SIGN_STYLE = Automatic;
				DEVELOPMENT_ASSET_PATHS = "\"MobileLabOneButtonKit/Preview Content\"";
				DEVELOPMENT_TEAM = HY8AUX8L27;
				ENABLE_PREVIEWS = YES;
				INFOPLIST_FILE = MobileLabOneButtonKit/Info.plist;
				LD_RUNPATH_SEARCH_PATHS = (
					"$(inherited)",
					"@executable_path/Frameworks",
				);
				PRODUCT_BUNDLE_IDENTIFIER = com.mobilelabclass.Food;
				PRODUCT_NAME = "One Button Kit";
				SWIFT_VERSION = 5.0;
				TARGETED_DEVICE_FAMILY = "1,2";
			};
			name = Release;
		};
/* End XCBuildConfiguration section */

/* Begin XCConfigurationList section */
		6A9D7A8623C2D94800C682D9 /* Build configuration list for PBXProject "MobileLabOneButtonKit" */ = {
			isa = XCConfigurationList;
			buildConfigurations = (
				6A9D7A9D23C2D94900C682D9 /* Debug */,
				6A9D7A9E23C2D94900C682D9 /* Release */,
			);
			defaultConfigurationIsVisible = 0;
			defaultConfigurationName = Release;
		};
		6A9D7A9F23C2D94900C682D9 /* Build configuration list for PBXNativeTarget "MobileLabOneButtonKit" */ = {
			isa = XCConfigurationList;
			buildConfigurations = (
				6A9D7AA023C2D94900C682D9 /* Debug */,
				6A9D7AA123C2D94900C682D9 /* Release */,
			);
			defaultConfigurationIsVisible = 0;
			defaultConfigurationName = Release;
		};
/* End XCConfigurationList section */
	};
	rootObject = 6A9D7A8323C2D94800C682D9 /* Project object */;
}
